
Microsoft Visual Studio Solution File, Format Version 12.00
# Visual Studio Version 17
VisualStudioVersion = 17.14.36518.9 d17.14
MinimumVisualStudioVersion = 10.0.40219.1
Project("{FAE04EC0-301F-11D3-BF4B-00C04F79EFBC}") = "Bai04", "Bai04.csproj", "{A47BAFC3-7EB0-4E5D-B8E7-C4BB33B10B29}"
EndProject
Global
	GlobalSection(SolutionConfigurationPlatforms) = preSolution
		Debug|Any CPU = Debug|Any CPU
		Release|Any CPU = Release|Any CPU
	EndGlobalSection
	GlobalSection(ProjectConfigurationPlatforms) = postSolution
		{A47BAFC3-7EB0-4E5D-B8E7-C4BB33B10B29}.Debug|Any CPU.ActiveCfg = Debug|Any CPU
		{A47BAFC3-7EB0-4E5D-B8E7-C4BB33B10B29}.Debug|Any CPU.Build.0 = Debug|Any CPU
		{A47BAFC3-7EB0-4E5D-B8E7-C4BB33B10B29}.Release|Any CPU.ActiveCfg = Release|Any CPU
		{A47BAFC3-7EB0-4E5D-B8E7-C4BB33B10B29}.Release|Any CPU.Build.0 = Release|Any CPU
	EndGlobalSection
	GlobalSection(SolutionProperties) = preSolution
		HideSolutionNode = FALSE
	EndGlobalSection
	GlobalSection(ExtensibilityGlobals) = postSolution
		SolutionGuid = {F46D0B60-32D9-44C2-B8C0-D8C19CAC5DB8}
	EndGlobalSection
EndGlobal
