
Microsoft Visual Studio Solution File, Format Version 12.00
# Visual Studio Version 17
VisualStudioVersion = 17.14.36623.8 d17.14
MinimumVisualStudioVersion = 10.0.40219.1
Project("{FAE04EC0-301F-11D3-BF4B-00C04F79EFBC}") = "Bai02", "Bai02.csproj", "{F7C4421E-DE3B-42BB-9F92-ACD223526233}"
EndProject
Global
	GlobalSection(SolutionConfigurationPlatforms) = preSolution
		Debug|Any CPU = Debug|Any CPU
		Release|Any CPU = Release|Any CPU
	EndGlobalSection
	GlobalSection(ProjectConfigurationPlatforms) = postSolution
		{F7C4421E-DE3B-42BB-9F92-ACD223526233}.Debug|Any CPU.ActiveCfg = Debug|Any CPU
		{F7C4421E-DE3B-42BB-9F92-ACD223526233}.Debug|Any CPU.Build.0 = Debug|Any CPU
		{F7C4421E-DE3B-42BB-9F92-ACD223526233}.Release|Any CPU.ActiveCfg = Release|Any CPU
		{F7C4421E-DE3B-42BB-9F92-ACD223526233}.Release|Any CPU.Build.0 = Release|Any CPU
	EndGlobalSection
	GlobalSection(SolutionProperties) = preSolution
		HideSolutionNode = FALSE
	EndGlobalSection
	GlobalSection(ExtensibilityGlobals) = postSolution
		SolutionGuid = {1CBCBFB7-C39D-4E7B-B1B0-1370D88BBB8E}
	EndGlobalSection
EndGlobal
